
Microsoft Visual Studio Solution File, Format Version 12.00
# Visual Studio Version 16
VisualStudioVersion = 16.0.29020.237
MinimumVisualStudioVersion = 10.0.40219.1
Project("{FAE04EC0-301F-11D3-BF4B-00C04F79EFBC}") = "Idler", "Idler.csproj", "{4C13214F-566F-4EB1-9B0D-23D8B0D7AB85}"
EndProject
Global
	GlobalSection(SolutionConfigurationPlatforms) = preSolution
		Debug|Any CPU = Debug|Any CPU
		Release|Any CPU = Release|Any CPU
	EndGlobalSection
	GlobalSection(ProjectConfigurationPlatforms) = postSolution
		{4C13214F-566F-4EB1-9B0D-23D8B0D7AB85}.Debug|Any CPU.ActiveCfg = Debug|Any CPU
		{4C13214F-566F-4EB1-9B0D-23D8B0D7AB85}.Debug|Any CPU.Build.0 = Debug|Any CPU
		{4C13214F-566F-4EB1-9B0D-23D8B0D7AB85}.Release|Any CPU.ActiveCfg = Release|Any CPU
		{4C13214F-566F-4EB1-9B0D-23D8B0D7AB85}.Release|Any CPU.Build.0 = Release|Any CPU
	EndGlobalSection
	GlobalSection(SolutionProperties) = preSolution
		HideSolutionNode = FALSE
	EndGlobalSection
	GlobalSection(ExtensibilityGlobals) = postSolution
		SolutionGuid = {9D30A3FB-A316-44CA-A9BE-9E7EBB943828}
	EndGlobalSection
EndGlobal
